{
  "name": "day7-project",
  "version": "1.0.0",
  "lockfileVersion": 3,
  "requires": true,
  "packages": {
    "": {
      "name": "day7-project",
      "version": "1.0.0",
      "license": "ISC",
      "dependencies": {
        "snowfall.js": "^1.0.2"
      }
    },
    "node_modules/snowfall.js": {
      "version": "1.0.2",
      "resolved": "https://registry.npmjs.org/snowfall.js/-/snowfall.js-1.0.2.tgz",
      "integrity": "sha512-jOuSCvLg+1R33InOs++qfBHggfvQvwjqPwlPxbg7fxVAk9Sf0abYtkCaBXov0GCFMIeR5U8MDCYpZ2VAdf4yew==",
      "license": "ISC"
    }
  }
}
